PODS:
  - ReactiveCocoa (11.0.0):
    - ReactiveSwift (~> 6.2)
  - ReactiveSwift (6.3.0)

DEPENDENCIES:
  - ReactiveCocoa
  - ReactiveSwift

SPEC REPOS:
  trunk:
    - ReactiveCocoa
    - ReactiveSwift

SPEC CHECKSUMS:
  ReactiveCocoa: 189fcea9c5af7e394dd8a4cfc1c6f77af9ff3598
  ReactiveSwift: 7937f26ec18d555e2a99352bd0a8b2817d1f042d

PODFILE CHECKSUM: a9c444aeaafa08d8c8a3c95c1190e1d7bd877571

COCOAPODS: 1.10.0.rc.1
